
Microsoft Visual Studio Solution File, Format Version 12.00
# Visual Studio Version 16
VisualStudioVersion = 16.0.30717.126
MinimumVisualStudioVersion = 10.0.40219.1
Project("{FAE04EC0-301F-11D3-BF4B-00C04F79EFBC}") = "ExampleRepo", "ExampleRepo.csproj", "{77B2568D-9F81-40A5-8351-0173B47345F3}"
EndProject
Global
	GlobalSection(SolutionConfigurationPlatforms) = preSolution
		Debug|Any CPU = Debug|Any CPU
		Release|Any CPU = Release|Any CPU
	EndGlobalSection
	GlobalSection(ProjectConfigurationPlatforms) = postSolution
		{77B2568D-9F81-40A5-8351-0173B47345F3}.Debug|Any CPU.ActiveCfg = Debug|Any CPU
		{77B2568D-9F81-40A5-8351-0173B47345F3}.Debug|Any CPU.Build.0 = Debug|Any CPU
		{77B2568D-9F81-40A5-8351-0173B47345F3}.Release|Any CPU.ActiveCfg = Release|Any CPU
		{77B2568D-9F81-40A5-8351-0173B47345F3}.Release|Any CPU.Build.0 = Release|Any CPU
	EndGlobalSection
	GlobalSection(SolutionProperties) = preSolution
		HideSolutionNode = FALSE
	EndGlobalSection
	GlobalSection(ExtensibilityGlobals) = postSolution
		SolutionGuid = {D7593BD6-36E6-4A70-B674-422653415B77}
	EndGlobalSection
EndGlobal
